
Microsoft Visual Studio Solution File, Format Version 12.00
# Visual Studio Version 16
VisualStudioVersion = 16.0.32106.194
MinimumVisualStudioVersion = 10.0.40219.1
Project("{FAE04EC0-301F-11D3-BF4B-00C04F79EFBC}") = "2.Fix Me", "2.Fix Me\2.Fix Me.csproj", "{AF82379A-9F0A-4265-BEB9-AF92BA4C3C2B}"
EndProject
Global
	GlobalSection(SolutionConfigurationPlatforms) = preSolution
		Debug|Any CPU = Debug|Any CPU
		Release|Any CPU = Release|Any CPU
	EndGlobalSection
	GlobalSection(ProjectConfigurationPlatforms) = postSolution
		{AF82379A-9F0A-4265-BEB9-AF92BA4C3C2B}.Debug|Any CPU.ActiveCfg = Debug|Any CPU
		{AF82379A-9F0A-4265-BEB9-AF92BA4C3C2B}.Debug|Any CPU.Build.0 = Debug|Any CPU
		{AF82379A-9F0A-4265-BEB9-AF92BA4C3C2B}.Release|Any CPU.ActiveCfg = Release|Any CPU
		{AF82379A-9F0A-4265-BEB9-AF92BA4C3C2B}.Release|Any CPU.Build.0 = Release|Any CPU
	EndGlobalSection
	GlobalSection(SolutionProperties) = preSolution
		HideSolutionNode = FALSE
	EndGlobalSection
	GlobalSection(ExtensibilityGlobals) = postSolution
		SolutionGuid = {98F1775B-D3E2-4C91-B9C6-0EC3A000D69B}
	EndGlobalSection
EndGlobal
