
Microsoft Visual Studio Solution File, Format Version 12.00
# Visual Studio Version 16
VisualStudioVersion = 16.0.32407.337
MinimumVisualStudioVersion = 10.0.40219.1
Project("{FAE04EC0-301F-11D3-BF4B-00C04F79EFBC}") = "4.2.Structuring a web page", "4.2.Structuring a web page\4.2.Structuring a web page.csproj", "{B268BF86-A7EB-474B-A427-B166F1AC486D}"
EndProject
Global
	GlobalSection(SolutionConfigurationPlatforms) = preSolution
		Debug|Any CPU = Debug|Any CPU
		Release|Any CPU = Release|Any CPU
	EndGlobalSection
	GlobalSection(ProjectConfigurationPlatforms) = postSolution
		{B268BF86-A7EB-474B-A427-B166F1AC486D}.Debug|Any CPU.ActiveCfg = Debug|Any CPU
		{B268BF86-A7EB-474B-A427-B166F1AC486D}.Debug|Any CPU.Build.0 = Debug|Any CPU
		{B268BF86-A7EB-474B-A427-B166F1AC486D}.Release|Any CPU.ActiveCfg = Release|Any CPU
		{B268BF86-A7EB-474B-A427-B166F1AC486D}.Release|Any CPU.Build.0 = Release|Any CPU
	EndGlobalSection
	GlobalSection(SolutionProperties) = preSolution
		HideSolutionNode = FALSE
	EndGlobalSection
	GlobalSection(ExtensibilityGlobals) = postSolution
		SolutionGuid = {B3C868C9-F2F5-46F7-ACB2-340BF478A2B3}
	EndGlobalSection
EndGlobal
