
Microsoft Visual Studio Solution File, Format Version 12.00
# Visual Studio Version 16
VisualStudioVersion = 16.0.32407.337
MinimumVisualStudioVersion = 10.0.40219.1
Project("{FAE04EC0-301F-11D3-BF4B-00C04F79EFBC}") = "6.1. Temp convert", "6.1. Temp convert\6.1. Temp convert.csproj", "{BFB6277B-CFEA-4EF8-9FD3-0D172FFC6318}"
EndProject
Global
	GlobalSection(SolutionConfigurationPlatforms) = preSolution
		Debug|Any CPU = Debug|Any CPU
		Release|Any CPU = Release|Any CPU
	EndGlobalSection
	GlobalSection(ProjectConfigurationPlatforms) = postSolution
		{BFB6277B-CFEA-4EF8-9FD3-0D172FFC6318}.Debug|Any CPU.ActiveCfg = Debug|Any CPU
		{BFB6277B-CFEA-4EF8-9FD3-0D172FFC6318}.Debug|Any CPU.Build.0 = Debug|Any CPU
		{BFB6277B-CFEA-4EF8-9FD3-0D172FFC6318}.Release|Any CPU.ActiveCfg = Release|Any CPU
		{BFB6277B-CFEA-4EF8-9FD3-0D172FFC6318}.Release|Any CPU.Build.0 = Release|Any CPU
	EndGlobalSection
	GlobalSection(SolutionProperties) = preSolution
		HideSolutionNode = FALSE
	EndGlobalSection
	GlobalSection(ExtensibilityGlobals) = postSolution
		SolutionGuid = {587E4B95-3959-4114-908A-1CDEF43A63A1}
	EndGlobalSection
EndGlobal
