
Microsoft Visual Studio Solution File, Format Version 12.00
# Visual Studio Version 16
VisualStudioVersion = 16.0.32407.337
MinimumVisualStudioVersion = 10.0.40219.1
Project("{FAE04EC0-301F-11D3-BF4B-00C04F79EFBC}") = "6.2.Game with JavaScript", "6.2.Game with JavaScript\6.2.Game with JavaScript.csproj", "{AA478CD0-5427-4BB3-872E-8E682EFA45D3}"
EndProject
Global
	GlobalSection(SolutionConfigurationPlatforms) = preSolution
		Debug|Any CPU = Debug|Any CPU
		Release|Any CPU = Release|Any CPU
	EndGlobalSection
	GlobalSection(ProjectConfigurationPlatforms) = postSolution
		{AA478CD0-5427-4BB3-872E-8E682EFA45D3}.Debug|Any CPU.ActiveCfg = Debug|Any CPU
		{AA478CD0-5427-4BB3-872E-8E682EFA45D3}.Debug|Any CPU.Build.0 = Debug|Any CPU
		{AA478CD0-5427-4BB3-872E-8E682EFA45D3}.Release|Any CPU.ActiveCfg = Release|Any CPU
		{AA478CD0-5427-4BB3-872E-8E682EFA45D3}.Release|Any CPU.Build.0 = Release|Any CPU
	EndGlobalSection
	GlobalSection(SolutionProperties) = preSolution
		HideSolutionNode = FALSE
	EndGlobalSection
	GlobalSection(ExtensibilityGlobals) = postSolution
		SolutionGuid = {D61F8355-A153-4DC5-ACE6-4BDF5FA4B623}
	EndGlobalSection
EndGlobal
